Microsoft Visual Studio Solution File, Format Version 12.00
# Visual Studio 15
VisualStudioVersion = 15.0.28307.329
MinimumVisualStudioVersion = 10.0.40219.1
Project("{FAE04EC0-301F-11D3-BF4B-00C04F79EFBC}") = "xf.uiux.standard.Android", "xf.uiux.standard.Android\xf.uiux.standard.Android.csproj", "{50A7A553-2952-4D37-87F6-506C3C327AE1}"
EndProject
Project("{FAE04EC0-301F-11D3-BF4B-00C04F79EFBC}") = "xf.uiux.standard.iOS", "xf.uiux.standard.iOS\xf.uiux.standard.iOS.csproj", "{97F35F00-4705-4349-A692-A1B28C182B73}"
EndProject
Project("{9A19103F-16F7-4668-BE54-9A1E7A4F7556}") = "xf.uiux.standard", "xf.uiux.standard\xf.uiux.standard.csproj", "{1AB388CF-A639-4FF5-999B-C5D3FEFACBF2}"
EndProject
Global
	GlobalSection(SolutionConfigurationPlatforms) = preSolution
		Ad-Hoc|Any CPU = Ad-Hoc|Any CPU
		Ad-Hoc|iPhone = Ad-Hoc|iPhone
		Ad-Hoc|iPhoneSimulator = Ad-Hoc|iPhoneSimulator
		AppStore|Any CPU = AppStore|Any CPU
		AppStore|iPhone = AppStore|iPhone
		AppStore|iPhoneSimulator = AppStore|iPhoneSimulator
		Debug|Any CPU = Debug|Any CPU
		Debug|iPhone = Debug|iPhone
		Debug|iPhoneSimulator = Debug|iPhoneSimulator
		Release|Any CPU = Release|Any CPU
		Release|iPhone = Release|iPhone
		Release|iPhoneSimulator = Release|iPhoneSimulator
	EndGlobalSection
	GlobalSection(ProjectConfigurationPlatforms) = postSolution
		{50A7A553-2952-4D37-87F6-506C3C327AE1}.Ad-Hoc|Any CPU.ActiveCfg = Release|Any CPU
		{50A7A553-2952-4D37-87F6-506C3C327AE1}.Ad-Hoc|Any CPU.Build.0 = Release|Any CPU
		{50A7A553-2952-4D37-87F6-506C3C327AE1}.Ad-Hoc|Any CPU.Deploy.0 = Release|Any CPU
		{50A7A553-2952-4D37-87F6-506C3C327AE1}.Ad-Hoc|iPhone.ActiveCfg = Debug|Any CPU
		{50A7A553-2952-4D37-87F6-506C3C327AE1}.Ad-Hoc|iPhone.Build.0 = Debug|Any CPU
		{50A7A553-2952-4D37-87F6-506C3C327AE1}.Ad-Hoc|iPhoneSimulator.ActiveCfg = Release|Any CPU
		{50A7A553-2952-4D37-87F6-506C3C327AE1}.Ad-Hoc|iPhoneSimulator.Build.0 = Release|Any CPU
		{50A7A553-2952-4D37-87F6-506C3C327AE1}.Ad-Hoc|iPhoneSimulator.Deploy.0 = Release|Any CPU
		{50A7A553-2952-4D37-87F6-506C3C327AE1}.AppStore|Any CPU.ActiveCfg = Release|Any CPU
		{50A7A553-2952-4D37-87F6-506C3C327AE1}.AppStore|Any CPU.Build.0 = Release|Any CPU
		{50A7A553-2952-4D37-87F6-506C3C327AE1}.AppStore|Any CPU.Deploy.0 = Release|Any CPU
		{50A7A553-2952-4D37-87F6-506C3C327AE1}.AppStore|iPhone.ActiveCfg = Debug|Any CPU
		{50A7A553-2952-4D37-87F6-506C3C327AE1}.AppStore|iPhone.Build.0 = Debug|Any CPU
		{50A7A553-2952-4D37-87F6-506C3C327AE1}.AppStore|iPhoneSimulator.ActiveCfg = Release|Any CPU
		{50A7A553-2952-4D37-87F6-506C3C327AE1}.AppStore|iPhoneSimulator.Build.0 = Release|Any CPU
		{50A7A553-2952-4D37-87F6-506C3C327AE1}.AppStore|iPhoneSimulator.Deploy.0 = Release|Any CPU
		{50A7A553-2952-4D37-87F6-506C3C327AE1}.Debug|Any CPU.ActiveCfg = Debug|Any CPU
		{50A7A553-2952-4D37-87F6-506C3C327AE1}.Debug|Any CPU.Build.0 = Debug|Any CPU
		{50A7A553-2952-4D37-87F6-506C3C327AE1}.Debug|Any CPU.Deploy.0 = Debug|Any CPU
		{50A7A553-2952-4D37-87F6-506C3C327AE1}.Debug|iPhone.ActiveCfg = Debug|Any CPU
		{50A7A553-2952-4D37-87F6-506C3C327AE1}.Debug|iPhone.Build.0 = Debug|Any CPU
		{50A7A553-2952-4D37-87F6-506C3C327AE1}.Debug|iPhoneSimulator.ActiveCfg = Debug|Any CPU
		{50A7A553-2952-4D37-87F6-506C3C327AE1}.Debug|iPhoneSimulator.Build.0 = Debug|Any CPU
		{50A7A553-2952-4D37-87F6-506C3C327AE1}.Release|Any CPU.ActiveCfg = Release|Any CPU
		{50A7A553-2952-4D37-87F6-506C3C327AE1}.Release|Any CPU.Build.0 = Release|Any CPU
		{50A7A553-2952-4D37-87F6-506C3C327AE1}.Release|iPhone.ActiveCfg = Release|Any CPU
		{50A7A553-2952-4D37-87F6-506C3C327AE1}.Release|iPhone.Build.0 = Release|Any CPU
		{50A7A553-2952-4D37-87F6-506C3C327AE1}.Release|iPhoneSimulator.ActiveCfg = Release|Any CPU
		{50A7A553-2952-4D37-87F6-506C3C327AE1}.Release|iPhoneSimulator.Build.0 = Release|Any CPU
		{97F35F00-4705-4349-A692-A1B28C182B73}.Ad-Hoc|Any CPU.ActiveCfg = Ad-Hoc|iPhoneSimulator
		{97F35F00-4705-4349-A692-A1B28C182B73}.Ad-Hoc|iPhone.ActiveCfg = Ad-Hoc|iPhone
		{97F35F00-4705-4349-A692-A1B28C182B73}.Ad-Hoc|iPhone.Build.0 = Ad-Hoc|iPhone
		{97F35F00-4705-4349-A692-A1B28C182B73}.Ad-Hoc|iPhoneSimulator.ActiveCfg = Ad-Hoc|iPhoneSimulator
		{97F35F00-4705-4349-A692-A1B28C182B73}.Ad-Hoc|iPhoneSimulator.Build.0 = Ad-Hoc|iPhoneSimulator
		{97F35F00-4705-4349-A692-A1B28C182B73}.AppStore|Any CPU.ActiveCfg = AppStore|iPhoneSimulator
		{97F35F00-4705-4349-A692-A1B28C182B73}.AppStore|iPhone.ActiveCfg = AppStore|iPhone
		{97F35F00-4705-4349-A692-A1B28C182B73}.AppStore|iPhone.Build.0 = AppStore|iPhone
		{97F35F00-4705-4349-A692-A1B28C182B73}.AppStore|iPhoneSimulator.ActiveCfg = AppStore|iPhoneSimulator
		{97F35F00-4705-4349-A692-A1B28C182B73}.AppStore|iPhoneSimulator.Build.0 = AppStore|iPhoneSimulator
		{97F35F00-4705-4349-A692-A1B28C182B73}.Debug|Any CPU.ActiveCfg = Debug|iPhoneSimulator
		{97F35F00-4705-4349-A692-A1B28C182B73}.Debug|Any CPU.Build.0 = Debug|iPhoneSimulator
		{97F35F00-4705-4349-A692-A1B28C182B73}.Debug|iPhone.ActiveCfg = Debug|iPhone
		{97F35F00-4705-4349-A692-A1B28C182B73}.Debug|iPhone.Build.0 = Debug|iPhone
		{97F35F00-4705-4349-A692-A1B28C182B73}.Debug|iPhoneSimulator.ActiveCfg = Debug|iPhoneSimulator
		{97F35F00-4705-4349-A692-A1B28C182B73}.Debug|iPhoneSimulator.Build.0 = Debug|iPhoneSimulator
		{97F35F00-4705-4349-A692-A1B28C182B73}.Release|Any CPU.ActiveCfg = Release|iPhoneSimulator
		{97F35F00-4705-4349-A692-A1B28C182B73}.Release|Any CPU.Build.0 = Release|iPhoneSimulator
		{97F35F00-4705-4349-A692-A1B28C182B73}.Release|iPhone.ActiveCfg = Release|iPhone
		{97F35F00-4705-4349-A692-A1B28C182B73}.Release|iPhone.Build.0 = Release|iPhone
		{97F35F00-4705-4349-A692-A1B28C182B73}.Release|iPhoneSimulator.ActiveCfg = Release|iPhoneSimulator
		{97F35F00-4705-4349-A692-A1B28C182B73}.Release|iPhoneSimulator.Build.0 = Release|iPhoneSimulator
		{1AB388CF-A639-4FF5-999B-C5D3FEFACBF2}.Ad-Hoc|Any CPU.ActiveCfg = Release|Any CPU
		{1AB388CF-A639-4FF5-999B-C5D3FEFACBF2}.Ad-Hoc|Any CPU.Build.0 = Release|Any CPU
		{1AB388CF-A639-4FF5-999B-C5D3FEFACBF2}.Ad-Hoc|iPhone.ActiveCfg = Debug|Any CPU
		{1AB388CF-A639-4FF5-999B-C5D3FEFACBF2}.Ad-Hoc|iPhone.Build.0 = Debug|Any CPU
		{1AB388CF-A639-4FF5-999B-C5D3FEFACBF2}.Ad-Hoc|iPhoneSimulator.ActiveCfg = Release|Any CPU
		{1AB388CF-A639-4FF5-999B-C5D3FEFACBF2}.Ad-Hoc|iPhoneSimulator.Build.0 = Release|Any CPU
		{1AB388CF-A639-4FF5-999B-C5D3FEFACBF2}.AppStore|Any CPU.ActiveCfg = Release|Any CPU
		{1AB388CF-A639-4FF5-999B-C5D3FEFACBF2}.AppStore|Any CPU.Build.0 = Release|Any CPU
		{1AB388CF-A639-4FF5-999B-C5D3FEFACBF2}.AppStore|iPhone.ActiveCfg = Debug|Any CPU
		{1AB388CF-A639-4FF5-999B-C5D3FEFACBF2}.AppStore|iPhone.Build.0 = Debug|Any CPU
		{1AB388CF-A639-4FF5-999B-C5D3FEFACBF2}.AppStore|iPhoneSimulator.ActiveCfg = Release|Any CPU
		{1AB388CF-A639-4FF5-999B-C5D3FEFACBF2}.AppStore|iPhoneSimulator.Build.0 = Release|Any CPU
		{1AB388CF-A639-4FF5-999B-C5D3FEFACBF2}.Debug|Any CPU.ActiveCfg = Debug|Any CPU
		{1AB388CF-A639-4FF5-999B-C5D3FEFACBF2}.Debug|Any CPU.Build.0 = Debug|Any CPU
		{1AB388CF-A639-4FF5-999B-C5D3FEFACBF2}.Debug|iPhone.ActiveCfg = Debug|Any CPU
		{1AB388CF-A639-4FF5-999B-C5D3FEFACBF2}.Debug|iPhone.Build.0 = Debug|Any CPU
		{1AB388CF-A639-4FF5-999B-C5D3FEFACBF2}.Debug|iPhoneSimulator.ActiveCfg = Debug|Any CPU
		{1AB388CF-A639-4FF5-999B-C5D3FEFACBF2}.Debug|iPhoneSimulator.Build.0 = Debug|Any CPU
		{1AB388CF-A639-4FF5-999B-C5D3FEFACBF2}.Release|Any CPU.ActiveCfg = Release|Any CPU
		{1AB388CF-A639-4FF5-999B-C5D3FEFACBF2}.Release|Any CPU.Build.0 = Release|Any CPU
		{1AB388CF-A639-4FF5-999B-C5D3FEFACBF2}.Release|iPhone.ActiveCfg = Release|Any CPU
		{1AB388CF-A639-4FF5-999B-C5D3FEFACBF2}.Release|iPhone.Build.0 = Release|Any CPU
		{1AB388CF-A639-4FF5-999B-C5D3FEFACBF2}.Release|iPhoneSimulator.ActiveCfg = Release|Any CPU
		{1AB388CF-A639-4FF5-999B-C5D3FEFACBF2}.Release|iPhoneSimulator.Build.0 = Release|Any CPU
	EndGlobalSection
	GlobalSection(SolutionProperties) = preSolution
		HideSolutionNode = FALSE
	EndGlobalSection
	GlobalSection(ExtensibilityGlobals) = postSolution
		SolutionGuid = {6C9B1A83-38AD-491D-AD33-1532E00DA56C}
	EndGlobalSection
EndGlobal
